
Microsoft Visual Studio Solution File, Format Version 12.00
# Visual Studio 15
VisualStudioVersion = 15.0.26730.16
MinimumVisualStudioVersion = 10.0.40219.1
Project("{FAE04EC0-301F-11D3-BF4B-00C04F79EFBC}") = "Stringg1", "Stringg1\Stringg1.csproj", "{06A664E3-65BA-44FF-AA8F-80828F5DD8C1}"
EndProject
Global
	GlobalSection(SolutionConfigurationPlatforms) = preSolution
		Debug|Any CPU = Debug|Any CPU
		Release|Any CPU = Release|Any CPU
	EndGlobalSection
	GlobalSection(ProjectConfigurationPlatforms) = postSolution
		{06A664E3-65BA-44FF-AA8F-80828F5DD8C1}.Debug|Any CPU.ActiveCfg = Debug|Any CPU
		{06A664E3-65BA-44FF-AA8F-80828F5DD8C1}.Debug|Any CPU.Build.0 = Debug|Any CPU
		{06A664E3-65BA-44FF-AA8F-80828F5DD8C1}.Release|Any CPU.ActiveCfg = Release|Any CPU
		{06A664E3-65BA-44FF-AA8F-80828F5DD8C1}.Release|Any CPU.Build.0 = Release|Any CPU
	EndGlobalSection
	GlobalSection(SolutionProperties) = preSolution
		HideSolutionNode = FALSE
	EndGlobalSection
	GlobalSection(ExtensibilityGlobals) = postSolution
		SolutionGuid = {046BF1A8-D80C-475B-9A6E-D2BE38F7BC71}
	EndGlobalSection
EndGlobal
