
Microsoft Visual Studio Solution File, Format Version 12.00
# Visual Studio 15
VisualStudioVersion = 15.0.26730.16
MinimumVisualStudioVersion = 10.0.40219.1
Project("{FAE04EC0-301F-11D3-BF4B-00C04F79EFBC}") = "types", "types\types.csproj", "{2A2C49C6-2AA6-435D-9B57-FFB264BE1504}"
EndProject
Global
	GlobalSection(SolutionConfigurationPlatforms) = preSolution
		Debug|Any CPU = Debug|Any CPU
		Release|Any CPU = Release|Any CPU
	EndGlobalSection
	GlobalSection(ProjectConfigurationPlatforms) = postSolution
		{2A2C49C6-2AA6-435D-9B57-FFB264BE1504}.Debug|Any CPU.ActiveCfg = Debug|Any CPU
		{2A2C49C6-2AA6-435D-9B57-FFB264BE1504}.Debug|Any CPU.Build.0 = Debug|Any CPU
		{2A2C49C6-2AA6-435D-9B57-FFB264BE1504}.Release|Any CPU.ActiveCfg = Release|Any CPU
		{2A2C49C6-2AA6-435D-9B57-FFB264BE1504}.Release|Any CPU.Build.0 = Release|Any CPU
	EndGlobalSection
	GlobalSection(SolutionProperties) = preSolution
		HideSolutionNode = FALSE
	EndGlobalSection
	GlobalSection(ExtensibilityGlobals) = postSolution
		SolutionGuid = {CF13C38E-910B-4C99-9734-BDB91D76A990}
	EndGlobalSection
EndGlobal
