
Microsoft Visual Studio Solution File, Format Version 12.00
# Visual Studio 15
VisualStudioVersion = 15.0.26730.16
MinimumVisualStudioVersion = 10.0.40219.1
Project("{FAE04EC0-301F-11D3-BF4B-00C04F79EFBC}") = "Gencol", "Gencol\Gencol.csproj", "{D6A3BD1B-D93C-4E5E-AB86-A8615A9CE5BA}"
EndProject
Global
	GlobalSection(SolutionConfigurationPlatforms) = preSolution
		Debug|Any CPU = Debug|Any CPU
		Release|Any CPU = Release|Any CPU
	EndGlobalSection
	GlobalSection(ProjectConfigurationPlatforms) = postSolution
		{D6A3BD1B-D93C-4E5E-AB86-A8615A9CE5BA}.Debug|Any CPU.ActiveCfg = Debug|Any CPU
		{D6A3BD1B-D93C-4E5E-AB86-A8615A9CE5BA}.Debug|Any CPU.Build.0 = Debug|Any CPU
		{D6A3BD1B-D93C-4E5E-AB86-A8615A9CE5BA}.Release|Any CPU.ActiveCfg = Release|Any CPU
		{D6A3BD1B-D93C-4E5E-AB86-A8615A9CE5BA}.Release|Any CPU.Build.0 = Release|Any CPU
	EndGlobalSection
	GlobalSection(SolutionProperties) = preSolution
		HideSolutionNode = FALSE
	EndGlobalSection
	GlobalSection(ExtensibilityGlobals) = postSolution
		SolutionGuid = {4A6B6403-6579-4E57-B0D3-2211B1341308}
	EndGlobalSection
EndGlobal
