
Microsoft Visual Studio Solution File, Format Version 12.00
# Visual Studio 15
VisualStudioVersion = 15.0.26730.16
MinimumVisualStudioVersion = 10.0.40219.1
Project("{FAE04EC0-301F-11D3-BF4B-00C04F79EFBC}") = "WebApplication2", "WebApplication2\WebApplication2.csproj", "{2115AAB8-7EAD-4F97-BF27-96A0FEAFE42D}"
EndProject
Global
	GlobalSection(SolutionConfigurationPlatforms) = preSolution
		Debug|Any CPU = Debug|Any CPU
		Release|Any CPU = Release|Any CPU
	EndGlobalSection
	GlobalSection(ProjectConfigurationPlatforms) = postSolution
		{2115AAB8-7EAD-4F97-BF27-96A0FEAFE42D}.Debug|Any CPU.ActiveCfg = Debug|Any CPU
		{2115AAB8-7EAD-4F97-BF27-96A0FEAFE42D}.Debug|Any CPU.Build.0 = Debug|Any CPU
		{2115AAB8-7EAD-4F97-BF27-96A0FEAFE42D}.Release|Any CPU.ActiveCfg = Release|Any CPU
		{2115AAB8-7EAD-4F97-BF27-96A0FEAFE42D}.Release|Any CPU.Build.0 = Release|Any CPU
	EndGlobalSection
	GlobalSection(SolutionProperties) = preSolution
		HideSolutionNode = FALSE
	EndGlobalSection
	GlobalSection(ExtensibilityGlobals) = postSolution
		SolutionGuid = {9900DAB0-9664-4841-8ACE-CA82DB5CBB61}
	EndGlobalSection
EndGlobal
