
Microsoft Visual Studio Solution File, Format Version 12.00
# Visual Studio 15
VisualStudioVersion = 15.0.26730.16
MinimumVisualStudioVersion = 10.0.40219.1
Project("{FAE04EC0-301F-11D3-BF4B-00C04F79EFBC}") = "Product", "Product\Product.csproj", "{AD0786CB-6D50-4BEB-B4B2-4A91C2CFA18C}"
EndProject
Global
	GlobalSection(SolutionConfigurationPlatforms) = preSolution
		Debug|Any CPU = Debug|Any CPU
		Release|Any CPU = Release|Any CPU
	EndGlobalSection
	GlobalSection(ProjectConfigurationPlatforms) = postSolution
		{AD0786CB-6D50-4BEB-B4B2-4A91C2CFA18C}.Debug|Any CPU.ActiveCfg = Debug|Any CPU
		{AD0786CB-6D50-4BEB-B4B2-4A91C2CFA18C}.Debug|Any CPU.Build.0 = Debug|Any CPU
		{AD0786CB-6D50-4BEB-B4B2-4A91C2CFA18C}.Release|Any CPU.ActiveCfg = Release|Any CPU
		{AD0786CB-6D50-4BEB-B4B2-4A91C2CFA18C}.Release|Any CPU.Build.0 = Release|Any CPU
	EndGlobalSection
	GlobalSection(SolutionProperties) = preSolution
		HideSolutionNode = FALSE
	EndGlobalSection
	GlobalSection(ExtensibilityGlobals) = postSolution
		SolutionGuid = {0E832159-94E9-4639-8CE5-0048616C23F8}
	EndGlobalSection
EndGlobal
