
Microsoft Visual Studio Solution File, Format Version 12.00
# Visual Studio 15
VisualStudioVersion = 15.0.26730.16
MinimumVisualStudioVersion = 10.0.40219.1
Project("{FAE04EC0-301F-11D3-BF4B-00C04F79EFBC}") = "Anonymous", "Lambda\Anonymous.csproj", "{861831C0-CF6A-4426-9849-61B84C46080F}"
EndProject
Global
	GlobalSection(SolutionConfigurationPlatforms) = preSolution
		Debug|Any CPU = Debug|Any CPU
		Release|Any CPU = Release|Any CPU
	EndGlobalSection
	GlobalSection(ProjectConfigurationPlatforms) = postSolution
		{861831C0-CF6A-4426-9849-61B84C46080F}.Debug|Any CPU.ActiveCfg = Debug|Any CPU
		{861831C0-CF6A-4426-9849-61B84C46080F}.Debug|Any CPU.Build.0 = Debug|Any CPU
		{861831C0-CF6A-4426-9849-61B84C46080F}.Release|Any CPU.ActiveCfg = Release|Any CPU
		{861831C0-CF6A-4426-9849-61B84C46080F}.Release|Any CPU.Build.0 = Release|Any CPU
	EndGlobalSection
	GlobalSection(SolutionProperties) = preSolution
		HideSolutionNode = FALSE
	EndGlobalSection
	GlobalSection(ExtensibilityGlobals) = postSolution
		SolutionGuid = {20D3F8B1-5529-4C76-860D-8DFB7D854995}
	EndGlobalSection
EndGlobal
