
Microsoft Visual Studio Solution File, Format Version 12.00
# Visual Studio 15
VisualStudioVersion = 15.0.26730.16
MinimumVisualStudioVersion = 10.0.40219.1
Project("{FAE04EC0-301F-11D3-BF4B-00C04F79EFBC}") = "Linq", "Linq\Linq.csproj", "{B0DF88DE-3702-4A9A-8911-FE5FCB8F6D94}"
EndProject
Global
	GlobalSection(SolutionConfigurationPlatforms) = preSolution
		Debug|Any CPU = Debug|Any CPU
		Release|Any CPU = Release|Any CPU
	EndGlobalSection
	GlobalSection(ProjectConfigurationPlatforms) = postSolution
		{B0DF88DE-3702-4A9A-8911-FE5FCB8F6D94}.Debug|Any CPU.ActiveCfg = Debug|Any CPU
		{B0DF88DE-3702-4A9A-8911-FE5FCB8F6D94}.Debug|Any CPU.Build.0 = Debug|Any CPU
		{B0DF88DE-3702-4A9A-8911-FE5FCB8F6D94}.Release|Any CPU.ActiveCfg = Release|Any CPU
		{B0DF88DE-3702-4A9A-8911-FE5FCB8F6D94}.Release|Any CPU.Build.0 = Release|Any CPU
	EndGlobalSection
	GlobalSection(SolutionProperties) = preSolution
		HideSolutionNode = FALSE
	EndGlobalSection
	GlobalSection(ExtensibilityGlobals) = postSolution
		SolutionGuid = {36036D86-FEC3-414F-AD64-8D9444FE7738}
	EndGlobalSection
EndGlobal
