
Microsoft Visual Studio Solution File, Format Version 12.00
# Visual Studio 15
VisualStudioVersion = 15.0.26730.16
MinimumVisualStudioVersion = 10.0.40219.1
Project("{FAE04EC0-301F-11D3-BF4B-00C04F79EFBC}") = "Cp", "Cp\Cp.csproj", "{5132AAEE-5BE7-44D4-9D58-387708FFD666}"
EndProject
Global
	GlobalSection(SolutionConfigurationPlatforms) = preSolution
		Debug|Any CPU = Debug|Any CPU
		Release|Any CPU = Release|Any CPU
	EndGlobalSection
	GlobalSection(ProjectConfigurationPlatforms) = postSolution
		{5132AAEE-5BE7-44D4-9D58-387708FFD666}.Debug|Any CPU.ActiveCfg = Debug|Any CPU
		{5132AAEE-5BE7-44D4-9D58-387708FFD666}.Debug|Any CPU.Build.0 = Debug|Any CPU
		{5132AAEE-5BE7-44D4-9D58-387708FFD666}.Release|Any CPU.ActiveCfg = Release|Any CPU
		{5132AAEE-5BE7-44D4-9D58-387708FFD666}.Release|Any CPU.Build.0 = Release|Any CPU
	EndGlobalSection
	GlobalSection(SolutionProperties) = preSolution
		HideSolutionNode = FALSE
	EndGlobalSection
	GlobalSection(ExtensibilityGlobals) = postSolution
		SolutionGuid = {AE58E688-66C5-4E3A-805D-FBE406D04596}
	EndGlobalSection
EndGlobal
